{
    "_readme": [
        "This file locks the dependencies of your project to a known state",
        "Read more about it at https://getcomposer.org/doc/01-basic-usage.md#composer-lock-the-lock-file",
        "This file is @generated automatically"
    ],
    "content-hash": "41f047b95268081a7c2ff5df1f499563",
    "packages": [
        {
            "name": "ashevchuk/enum",
            "version": "1.0.1",
            "source": {
                "type": "git",
                "url": "https://github.com/IIIEBA/enum.git",
                "reference": "481bf5e5dc4e35ca74e620e6a26497c28302ff9c"
            },
            "dist": {
                "type": "zip",
                "url": "https://api.github.com/repos/IIIEBA/enum/zipball/481bf5e5dc4e35ca74e620e6a26497c28302ff9c",
                "reference": "481bf5e5dc4e35ca74e620e6a26497c28302ff9c",
                "shasum": ""
            },
            "require-dev": {
                "ashevchuk/phpunit-plus": "1.2.3",
                "phpunit/phpunit": "6.3.0"
            },
            "type": "library",
            "autoload": {
                "psr-0": {
                    "Enum\\": "src"
                }
            },
            "notification-url": "https://packagist.org/downloads/",
            "authors": [
                {
                    "name": "Andrew Shevchuk",
                    "email": "shevchuk@be-aware.com.ua"
                }
            ],
            "description": "Add enum to php",
            "time": "2017-10-18T11:37:40+00:00"
        }
    ],
    "packages-dev": [],
    "aliases": [],
    "minimum-stability": "stable",
    "stability-flags": [],
    "prefer-stable": false,
    "prefer-lowest": false,
    "platform": [],
    "platform-dev": []
}
